
Microsoft Visual Studio Solution File, Format Version 12.00
# Visual Studio Version 17
VisualStudioVersion = 17.6.33815.320
MinimumVisualStudioVersion = 10.0.40219.1
Project("{888888A0-9F3D-457C-B088-3A5042F75D52}") = "Hackerrank-solutions-Python", "Hackerrank-solutions-Python\Hackerrank-solutions-Python.pyproj", "{08AE3A17-7734-491E-B9D9-0148EC4A107B}"
EndProject
Global
	GlobalSection(SolutionConfigurationPlatforms) = preSolution
		Debug|Any CPU = Debug|Any CPU
		Release|Any CPU = Release|Any CPU
	EndGlobalSection
	GlobalSection(ProjectConfigurationPlatforms) = postSolution
		{08AE3A17-7734-491E-B9D9-0148EC4A107B}.Debug|Any CPU.ActiveCfg = Debug|Any CPU
		{08AE3A17-7734-491E-B9D9-0148EC4A107B}.Release|Any CPU.ActiveCfg = Release|Any CPU
	EndGlobalSection
	GlobalSection(SolutionProperties) = preSolution
		HideSolutionNode = FALSE
	EndGlobalSection
	GlobalSection(ExtensibilityGlobals) = postSolution
		SolutionGuid = {99896E52-1476-445B-8755-747AE79995D5}
	EndGlobalSection
EndGlobal
